<?xml version="1.0" encoding="utf-8"?>
<Project ToolsVersion="4.0" xmlns="http://schemas.microsoft.com/developer/msbuild/2003">
  <ItemGroup>
    <Filter Include="Source Files">
      <UniqueIdentifier>{4FC737F1-C7A5-4376-A066-2A32D752A2FF}</UniqueIdentifier>
      <Extensions>cpp;c;cc;cxx;def;odl;idl;hpj;bat;asm;asmx</Extensions>
    </Filter>
    <Filter Include="Header Files">
      <UniqueIdentifier>{93995380-89BD-4b04-88EB-625FBE52EBFB}</UniqueIdentifier>
      <Extensions>h;hh;hpp;hxx;hm;inl;inc;xsd</Extensions>
    </Filter>
    <Filter Include="Resource Files">
      <UniqueIdentifier>{67DA6AB6-F800-4c08-8B7A-83BB121AAD01}</UniqueIdentifier>
      <Extensions>rc;ico;cur;bmp;dlg;rc2;rct;bin;rgs;gif;jpg;jpeg;jpe;resx;tiff;tif;png;wav;mfcribbon-ms</Extensions>
    </Filter>
    <Filter Include="3rd_party">
      <UniqueIdentifier>{05e74bb5-4bb1-41b6-9053-61887d6fa74b}</UniqueIdentifier>
    </Filter>
    <Filter Include="3rd_party\lua">
      <UniqueIdentifier>{6af5ffa6-8629-4821-8a9a-2cbbd5db9dfd}</UniqueIdentifier>
    </Filter>
    <Filter Include="3rd_party\DirectXTK">
      <UniqueIdentifier>{28400450-d3c3-4397-9090-095cef00f353}</UniqueIdentifier>
    </Filter>
    <Filter Include="3rd_party\DirectXTex">
      <UniqueIdentifier>{1f484a1c-f40e-49ce-8400-708864ea58cf}</UniqueIdentifier>
    </Filter>
  </ItemGroup>
  <ItemGroup>
    <ClCompile Include="main.cpp">
      <Filter>Source Files</Filter>
    </ClCompile>
    <ClCompile Include="Engine.cpp">
      <Filter>Source Files</Filter>
    </ClCompile>
    <ClCompile Include="ScriptingSystem.cpp">
      <Filter>Source Files</Filter>
    </ClCompile>
    <ClCompile Include="3rd_party\lua-5.3.4\src\lapi.c">
      <Filter>3rd_party\lua</Filter>
    </ClCompile>
    <ClCompile Include="3rd_party\lua-5.3.4\src\lauxlib.c">
      <Filter>3rd_party\lua</Filter>
    </ClCompile>
    <ClCompile Include="3rd_party\lua-5.3.4\src\lbaselib.c">
      <Filter>3rd_party\lua</Filter>
    </ClCompile>
    <ClCompile Include="3rd_party\lua-5.3.4\src\lbitlib.c">
      <Filter>3rd_party\lua</Filter>
    </ClCompile>
    <ClCompile Include="3rd_party\lua-5.3.4\src\lcode.c">
      <Filter>3rd_party\lua</Filter>
    </ClCompile>
    <ClCompile Include="3rd_party\lua-5.3.4\src\lcorolib.c">
      <Filter>3rd_party\lua</Filter>
    </ClCompile>
    <ClCompile Include="3rd_party\lua-5.3.4\src\lctype.c">
      <Filter>3rd_party\lua</Filter>
    </ClCompile>
    <ClCompile Include="3rd_party\lua-5.3.4\src\ldblib.c">
      <Filter>3rd_party\lua</Filter>
    </ClCompile>
    <ClCompile Include="3rd_party\lua-5.3.4\src\ldebug.c">
      <Filter>3rd_party\lua</Filter>
    </ClCompile>
    <ClCompile Include="3rd_party\lua-5.3.4\src\ldo.c">
      <Filter>3rd_party\lua</Filter>
    </ClCompile>
    <ClCompile Include="3rd_party\lua-5.3.4\src\ldump.c">
      <Filter>3rd_party\lua</Filter>
    </ClCompile>
    <ClCompile Include="3rd_party\lua-5.3.4\src\lfunc.c">
      <Filter>3rd_party\lua</Filter>
    </ClCompile>
    <ClCompile Include="3rd_party\lua-5.3.4\src\lgc.c">
      <Filter>3rd_party\lua</Filter>
    </ClCompile>
    <ClCompile Include="3rd_party\lua-5.3.4\src\linit.c">
      <Filter>3rd_party\lua</Filter>
    </ClCompile>
    <ClCompile Include="3rd_party\lua-5.3.4\src\liolib.c">
      <Filter>3rd_party\lua</Filter>
    </ClCompile>
    <ClCompile Include="3rd_party\lua-5.3.4\src\llex.c">
      <Filter>3rd_party\lua</Filter>
    </ClCompile>
    <ClCompile Include="3rd_party\lua-5.3.4\src\lmathlib.c">
      <Filter>3rd_party\lua</Filter>
    </ClCompile>
    <ClCompile Include="3rd_party\lua-5.3.4\src\lmem.c">
      <Filter>3rd_party\lua</Filter>
    </ClCompile>
    <ClCompile Include="3rd_party\lua-5.3.4\src\loadlib.c">
      <Filter>3rd_party\lua</Filter>
    </ClCompile>
    <ClCompile Include="3rd_party\lua-5.3.4\src\lobject.c">
      <Filter>3rd_party\lua</Filter>
    </ClCompile>
    <ClCompile Include="3rd_party\lua-5.3.4\src\lopcodes.c">
      <Filter>3rd_party\lua</Filter>
    </ClCompile>
    <ClCompile Include="3rd_party\lua-5.3.4\src\loslib.c">
      <Filter>3rd_party\lua</Filter>
    </ClCompile>
    <ClCompile Include="3rd_party\lua-5.3.4\src\lparser.c">
      <Filter>3rd_party\lua</Filter>
    </ClCompile>
    <ClCompile Include="3rd_party\lua-5.3.4\src\lstate.c">
      <Filter>3rd_party\lua</Filter>
    </ClCompile>
    <ClCompile Include="3rd_party\lua-5.3.4\src\lstring.c">
      <Filter>3rd_party\lua</Filter>
    </ClCompile>
    <ClCompile Include="3rd_party\lua-5.3.4\src\lstrlib.c">
      <Filter>3rd_party\lua</Filter>
    </ClCompile>
    <ClCompile Include="3rd_party\lua-5.3.4\src\ltable.c">
      <Filter>3rd_party\lua</Filter>
    </ClCompile>
    <ClCompile Include="3rd_party\lua-5.3.4\src\ltablib.c">
      <Filter>3rd_party\lua</Filter>
    </ClCompile>
    <ClCompile Include="3rd_party\lua-5.3.4\src\ltm.c">
      <Filter>3rd_party\lua</Filter>
    </ClCompile>
    <ClCompile Include="3rd_party\lua-5.3.4\src\lundump.c">
      <Filter>3rd_party\lua</Filter>
    </ClCompile>
    <ClCompile Include="3rd_party\lua-5.3.4\src\lutf8lib.c">
      <Filter>3rd_party\lua</Filter>
    </ClCompile>
    <ClCompile Include="3rd_party\lua-5.3.4\src\lvm.c">
      <Filter>3rd_party\lua</Filter>
    </ClCompile>
    <ClCompile Include="3rd_party\lua-5.3.4\src\lzio.c">
      <Filter>3rd_party\lua</Filter>
    </ClCompile>
    <ClCompile Include="Script.cpp">
      <Filter>Source Files</Filter>
    </ClCompile>
    <ClCompile Include="RenderingSystem.cpp">
      <Filter>Source Files</Filter>
    </ClCompile>
    <ClCompile Include="Renderer.cpp">
      <Filter>Source Files</Filter>
    </ClCompile>
    <ClCompile Include="NativeContext.cpp">
      <Filter>Source Files</Filter>
    </ClCompile>
    <ClCompile Include="3rd_party\DirectXTK\Src\Keyboard.cpp">
      <Filter>3rd_party\DirectXTK</Filter>
    </ClCompile>
    <ClCompile Include="3rd_party\DirectXTK\Src\Mouse.cpp">
      <Filter>3rd_party\DirectXTK</Filter>
    </ClCompile>
    <ClCompile Include="3rd_party\DirectXTex\DDSTextureLoader.cpp">
      <Filter>3rd_party\DirectXTex</Filter>
    </ClCompile>
    <ClCompile Include="3rd_party\DirectXTex\DDSTextureLoader12.cpp">
      <Filter>3rd_party\DirectXTex</Filter>
    </ClCompile>
    <ClCompile Include="3rd_party\DirectXTex\WICTextureLoader.cpp">
      <Filter>3rd_party\DirectXTex</Filter>
    </ClCompile>
    <ClCompile Include="3rd_party\DirectXTex\WICTextureLoader12.cpp">
      <Filter>3rd_party\DirectXTex</Filter>
    </ClCompile>
  </ItemGroup>
  <ItemGroup>
    <ClInclude Include="Engine.h">
      <Filter>Header Files</Filter>
    </ClInclude>
    <ClInclude Include="ScriptingSystem.h">
      <Filter>Header Files</Filter>
    </ClInclude>
    <ClInclude Include="Error.h">
      <Filter>Header Files</Filter>
    </ClInclude>
    <ClInclude Include="3rd_party\lua-5.3.4\src\lapi.h">
      <Filter>3rd_party\lua</Filter>
    </ClInclude>
    <ClInclude Include="3rd_party\lua-5.3.4\src\lauxlib.h">
      <Filter>3rd_party\lua</Filter>
    </ClInclude>
    <ClInclude Include="3rd_party\lua-5.3.4\src\lcode.h">
      <Filter>3rd_party\lua</Filter>
    </ClInclude>
    <ClInclude Include="3rd_party\lua-5.3.4\src\lctype.h">
      <Filter>3rd_party\lua</Filter>
    </ClInclude>
    <ClInclude Include="3rd_party\lua-5.3.4\src\ldebug.h">
      <Filter>3rd_party\lua</Filter>
    </ClInclude>
    <ClInclude Include="3rd_party\lua-5.3.4\src\ldo.h">
      <Filter>3rd_party\lua</Filter>
    </ClInclude>
    <ClInclude Include="3rd_party\lua-5.3.4\src\lfunc.h">
      <Filter>3rd_party\lua</Filter>
    </ClInclude>
    <ClInclude Include="3rd_party\lua-5.3.4\src\lgc.h">
      <Filter>3rd_party\lua</Filter>
    </ClInclude>
    <ClInclude Include="3rd_party\lua-5.3.4\src\llex.h">
      <Filter>3rd_party\lua</Filter>
    </ClInclude>
    <ClInclude Include="3rd_party\lua-5.3.4\src\llimits.h">
      <Filter>3rd_party\lua</Filter>
    </ClInclude>
    <ClInclude Include="3rd_party\lua-5.3.4\src\lmem.h">
      <Filter>3rd_party\lua</Filter>
    </ClInclude>
    <ClInclude Include="3rd_party\lua-5.3.4\src\lobject.h">
      <Filter>3rd_party\lua</Filter>
    </ClInclude>
    <ClInclude Include="3rd_party\lua-5.3.4\src\lopcodes.h">
      <Filter>3rd_party\lua</Filter>
    </ClInclude>
    <ClInclude Include="3rd_party\lua-5.3.4\src\lparser.h">
      <Filter>3rd_party\lua</Filter>
    </ClInclude>
    <ClInclude Include="3rd_party\lua-5.3.4\src\lprefix.h">
      <Filter>3rd_party\lua</Filter>
    </ClInclude>
    <ClInclude Include="3rd_party\lua-5.3.4\src\lstate.h">
      <Filter>3rd_party\lua</Filter>
    </ClInclude>
    <ClInclude Include="3rd_party\lua-5.3.4\src\lstring.h">
      <Filter>3rd_party\lua</Filter>
    </ClInclude>
    <ClInclude Include="3rd_party\lua-5.3.4\src\ltable.h">
      <Filter>3rd_party\lua</Filter>
    </ClInclude>
    <ClInclude Include="3rd_party\lua-5.3.4\src\ltm.h">
      <Filter>3rd_party\lua</Filter>
    </ClInclude>
    <ClInclude Include="3rd_party\lua-5.3.4\src\lua.h">
      <Filter>3rd_party\lua</Filter>
    </ClInclude>
    <ClInclude Include="3rd_party\lua-5.3.4\src\lua.hpp">
      <Filter>3rd_party\lua</Filter>
    </ClInclude>
    <ClInclude Include="3rd_party\lua-5.3.4\src\luaconf.h">
      <Filter>3rd_party\lua</Filter>
    </ClInclude>
    <ClInclude Include="3rd_party\lua-5.3.4\src\lualib.h">
      <Filter>3rd_party\lua</Filter>
    </ClInclude>
    <ClInclude Include="3rd_party\lua-5.3.4\src\lundump.h">
      <Filter>3rd_party\lua</Filter>
    </ClInclude>
    <ClInclude Include="3rd_party\lua-5.3.4\src\lvm.h">
      <Filter>3rd_party\lua</Filter>
    </ClInclude>
    <ClInclude Include="3rd_party\lua-5.3.4\src\lzio.h">
      <Filter>3rd_party\lua</Filter>
    </ClInclude>
    <ClInclude Include="Script.h">
      <Filter>Header Files</Filter>
    </ClInclude>
    <ClInclude Include="RenderingSystem.h">
      <Filter>Header Files</Filter>
    </ClInclude>
    <ClInclude Include="common.h">
      <Filter>Header Files</Filter>
    </ClInclude>
    <ClInclude Include="Renderer.h">
      <Filter>Header Files</Filter>
    </ClInclude>
    <ClInclude Include="StringUtils.h">
      <Filter>Header Files</Filter>
    </ClInclude>
    <ClInclude Include="NativeContext.h">
      <Filter>Header Files</Filter>
    </ClInclude>
    <ClInclude Include="3rd_party\DirectXTK\Src\pch.h">
      <Filter>3rd_party\DirectXTK</Filter>
    </ClInclude>
    <ClInclude Include="3rd_party\DirectXTK\Src\PlatformHelpers.h">
      <Filter>3rd_party\DirectXTK</Filter>
    </ClInclude>
    <ClInclude Include="3rd_party\DirectXTK\Inc\Keyboard.h">
      <Filter>3rd_party\DirectXTK</Filter>
    </ClInclude>
    <ClInclude Include="3rd_party\DirectXTK\Inc\Mouse.h">
      <Filter>3rd_party\DirectXTK</Filter>
    </ClInclude>
    <ClInclude Include="3rd_party\DirectXTex\d3dx12.h">
      <Filter>3rd_party\DirectXTex</Filter>
    </ClInclude>
    <ClInclude Include="3rd_party\DirectXTex\DDSTextureLoader.h">
      <Filter>3rd_party\DirectXTex</Filter>
    </ClInclude>
    <ClInclude Include="3rd_party\DirectXTex\DDSTextureLoader12.h">
      <Filter>3rd_party\DirectXTex</Filter>
    </ClInclude>
    <ClInclude Include="3rd_party\DirectXTex\WICTextureLoader.h">
      <Filter>3rd_party\DirectXTex</Filter>
    </ClInclude>
    <ClInclude Include="3rd_party\DirectXTex\WICTextureLoader12.h">
      <Filter>3rd_party\DirectXTex</Filter>
    </ClInclude>
  </ItemGroup>
</Project>