<?xml version="1.0" encoding="utf-8"?>
<Project ToolsVersion="4.0" xmlns="http://schemas.microsoft.com/developer/msbuild/2003">
  <ItemGroup>
    <Filter Include="Source Files">
      <UniqueIdentifier>{4FC737F1-C7A5-4376-A066-2A32D752A2FF}</UniqueIdentifier>
      <Extensions>cpp;c;cc;cxx;def;odl;idl;hpj;bat;asm;asmx</Extensions>
    </Filter>
    <Filter Include="Header Files">
      <UniqueIdentifier>{93995380-89BD-4b04-88EB-625FBE52EBFB}</UniqueIdentifier>
      <Extensions>h;hh;hpp;hxx;hm;inl;inc;xsd</Extensions>
    </Filter>
    <Filter Include="Resource Files">
      <UniqueIdentifier>{67DA6AB6-F800-4c08-8B7A-83BB121AAD01}</UniqueIdentifier>
      <Extensions>rc;ico;cur;bmp;dlg;rc2;rct;bin;rgs;gif;jpg;jpeg;jpe;resx;tiff;tif;png;wav;mfcribbon-ms</Extensions>
    </Filter>
    <Filter Include="Shaders">
      <UniqueIdentifier>{e7468753-a36c-4584-b672-c3bb87209d0b}</UniqueIdentifier>
    </Filter>
    <Filter Include="3rd_party">
      <UniqueIdentifier>{96e374a8-d307-4bf3-991c-cfc5fb9a244f}</UniqueIdentifier>
    </Filter>
    <Filter Include="3rd_party\DirectXTex">
      <UniqueIdentifier>{e2934095-faac-4f71-aed5-e680b5627562}</UniqueIdentifier>
    </Filter>
    <Filter Include="3rd_party\DirectXTK">
      <UniqueIdentifier>{93b0f2f7-7790-4e72-8352-9466047b047e}</UniqueIdentifier>
    </Filter>
    <Filter Include="Shaders\new">
      <UniqueIdentifier>{a23f65d8-7b38-45dc-b266-7a094d5e5d85}</UniqueIdentifier>
    </Filter>
  </ItemGroup>
  <ItemGroup>
    <ClInclude Include="AnimationComponent.h">
      <Filter>Header Files</Filter>
    </ClInclude>
    <ClInclude Include="CameraComponent.h">
      <Filter>Header Files</Filter>
    </ClInclude>
    <ClInclude Include="Common.h">
      <Filter>Header Files</Filter>
    </ClInclude>
    <ClInclude Include="Component.h">
      <Filter>Header Files</Filter>
    </ClInclude>
    <ClInclude Include="Engine.h">
      <Filter>Header Files</Filter>
    </ClInclude>
    <ClInclude Include="Entity.h">
      <Filter>Header Files</Filter>
    </ClInclude>
    <ClInclude Include="Error.h">
      <Filter>Header Files</Filter>
    </ClInclude>
    <ClInclude Include="FileIO.h">
      <Filter>Header Files</Filter>
    </ClInclude>
    <ClInclude Include="HandleAllocator.h">
      <Filter>Header Files</Filter>
    </ClInclude>
    <ClInclude Include="InputStates.h">
      <Filter>Header Files</Filter>
    </ClInclude>
    <ClInclude Include="InputSystem.h">
      <Filter>Header Files</Filter>
    </ClInclude>
    <ClInclude Include="Material.h">
      <Filter>Header Files</Filter>
    </ClInclude>
    <ClInclude Include="MemoryAllocator.h">
      <Filter>Header Files</Filter>
    </ClInclude>
    <ClInclude Include="Model.h">
      <Filter>Header Files</Filter>
    </ClInclude>
    <ClInclude Include="ModelFormat.h">
      <Filter>Header Files</Filter>
    </ClInclude>
    <ClInclude Include="Module.h">
      <Filter>Header Files</Filter>
    </ClInclude>
    <ClInclude Include="NativeContext.h">
      <Filter>Header Files</Filter>
    </ClInclude>
    <ClInclude Include="PhysicsComponent.h">
      <Filter>Header Files</Filter>
    </ClInclude>
    <ClInclude Include="PhysicsSystem.h">
      <Filter>Header Files</Filter>
    </ClInclude>
    <ClInclude Include="Renderer.h">
      <Filter>Header Files</Filter>
    </ClInclude>
    <ClInclude Include="RenderingComponent.h">
      <Filter>Header Files</Filter>
    </ClInclude>
    <ClInclude Include="RenderingSystem.h">
      <Filter>Header Files</Filter>
    </ClInclude>
    <ClInclude Include="TofuMath.h">
      <Filter>Header Files</Filter>
    </ClInclude>
    <ClInclude Include="Transform.h">
      <Filter>Header Files</Filter>
    </ClInclude>
    <ClInclude Include="TransformComponent.h">
      <Filter>Header Files</Filter>
    </ClInclude>
    <ClInclude Include="..\3rd_party\DirectXTex\DDSTextureLoader.h">
      <Filter>3rd_party\DirectXTex</Filter>
    </ClInclude>
    <ClInclude Include="..\3rd_party\DirectXTex\WICTextureLoader.h">
      <Filter>3rd_party\DirectXTex</Filter>
    </ClInclude>
    <ClInclude Include="..\3rd_party\DirectXTK\Inc\GamePad.h">
      <Filter>3rd_party\DirectXTK</Filter>
    </ClInclude>
    <ClInclude Include="..\3rd_party\DirectXTK\Inc\Keyboard.h">
      <Filter>3rd_party\DirectXTK</Filter>
    </ClInclude>
    <ClInclude Include="..\3rd_party\DirectXTK\Inc\Mouse.h">
      <Filter>3rd_party\DirectXTK</Filter>
    </ClInclude>
    <ClInclude Include="..\3rd_party\DirectXTK\Src\pch.h">
      <Filter>3rd_party\DirectXTK</Filter>
    </ClInclude>
    <ClInclude Include="..\3rd_party\DirectXTK\Src\PlatformHelpers.h">
      <Filter>3rd_party\DirectXTK</Filter>
    </ClInclude>
    <ClInclude Include="Compression.h">
      <Filter>Header Files</Filter>
    </ClInclude>
    <ClInclude Include="AnimationStateMachine.h">
      <Filter>Header Files</Filter>
    </ClInclude>
    <ClInclude Include="Tofu.h">
      <Filter>Header Files</Filter>
    </ClInclude>
    <ClInclude Include="ResourceManager.h">
      <Filter>Header Files</Filter>
    </ClInclude>
    <ClInclude Include="SceneManager.h">
      <Filter>Header Files</Filter>
    </ClInclude>
    <ClInclude Include="LightComponent.h">
      <Filter>Header Files</Filter>
    </ClInclude>
    <ClInclude Include="DeferredShading.h">
      <Filter>Header Files</Filter>
    </ClInclude>
    <ClInclude Include="Collision.h">
      <Filter>Header Files</Filter>
    </ClInclude>
    <ClInclude Include="PerformanceTimer.h">
      <Filter>Header Files</Filter>
    </ClInclude>
    <ClInclude Include="FontRenderer.h">
      <Filter>Header Files</Filter>
    </ClInclude>
    <ClInclude Include="GUI.h">
      <Filter>Header Files</Filter>
    </ClInclude>
    <ClInclude Include="FXAA3_11.h">
      <Filter>Shaders\new</Filter>
    </ClInclude>
    <ClInclude Include="AudioManager.h">
      <Filter>Header Files</Filter>
    </ClInclude>
  </ItemGroup>
  <ItemGroup>
    <ClCompile Include="AnimationComponent.cpp">
      <Filter>Source Files</Filter>
    </ClCompile>
    <ClCompile Include="CameraComponent.cpp">
      <Filter>Source Files</Filter>
    </ClCompile>
    <ClCompile Include="Engine.cpp">
      <Filter>Source Files</Filter>
    </ClCompile>
    <ClCompile Include="Entity.cpp">
      <Filter>Source Files</Filter>
    </ClCompile>
    <ClCompile Include="FileIOWin32.cpp">
      <Filter>Source Files</Filter>
    </ClCompile>
    <ClCompile Include="InputSystem.cpp">
      <Filter>Source Files</Filter>
    </ClCompile>
    <ClCompile Include="MemoryAllocator.cpp">
      <Filter>Source Files</Filter>
    </ClCompile>
    <ClCompile Include="NativeContextWin32.cpp">
      <Filter>Source Files</Filter>
    </ClCompile>
    <ClCompile Include="PhysicsComponent.cpp">
      <Filter>Source Files</Filter>
    </ClCompile>
    <ClCompile Include="PhysicsSystem.cpp">
      <Filter>Source Files</Filter>
    </ClCompile>
    <ClCompile Include="Renderer.cpp">
      <Filter>Source Files</Filter>
    </ClCompile>
    <ClCompile Include="RendererDX11.cpp">
      <Filter>Source Files</Filter>
    </ClCompile>
    <ClCompile Include="RenderingSystem.cpp">
      <Filter>Source Files</Filter>
    </ClCompile>
    <ClCompile Include="Transform.cpp">
      <Filter>Source Files</Filter>
    </ClCompile>
    <ClCompile Include="TransformComponent.cpp">
      <Filter>Source Files</Filter>
    </ClCompile>
    <ClCompile Include="..\3rd_party\DirectXTex\DDSTextureLoader.cpp">
      <Filter>3rd_party\DirectXTex</Filter>
    </ClCompile>
    <ClCompile Include="..\3rd_party\DirectXTex\WICTextureLoader.cpp">
      <Filter>3rd_party\DirectXTex</Filter>
    </ClCompile>
    <ClCompile Include="..\3rd_party\DirectXTK\Src\GamePad.cpp">
      <Filter>3rd_party\DirectXTK</Filter>
    </ClCompile>
    <ClCompile Include="..\3rd_party\DirectXTK\Src\Keyboard.cpp">
      <Filter>3rd_party\DirectXTK</Filter>
    </ClCompile>
    <ClCompile Include="..\3rd_party\DirectXTK\Src\Mouse.cpp">
      <Filter>3rd_party\DirectXTK</Filter>
    </ClCompile>
    <ClCompile Include="AnimationStateMachine.cpp">
      <Filter>Source Files</Filter>
    </ClCompile>
    <ClCompile Include="ResourceManager.cpp">
      <Filter>Source Files</Filter>
    </ClCompile>
    <ClCompile Include="SceneManager.cpp">
      <Filter>Source Files</Filter>
    </ClCompile>
    <ClCompile Include="PerformanceTimer.cpp">
      <Filter>Source Files</Filter>
    </ClCompile>
    <ClCompile Include="AudioManager.cpp">
      <Filter>Source Files</Filter>
    </ClCompile>
    <ClCompile Include="FontRenderer.cpp">
      <Filter>Source Files</Filter>
    </ClCompile>
    <ClCompile Include="fontstash.c">
      <Filter>Source Files</Filter>
    </ClCompile>
    <ClCompile Include="GUI.cpp">
      <Filter>Source Files</Filter>
    </ClCompile>
  </ItemGroup>
  <ItemGroup>
    <FxCompile Include="bypass_vs.hlsl">
      <Filter>Shaders\new</Filter>
    </FxCompile>
    <FxCompile Include="deferred_geometry_ps.hlsl">
      <Filter>Shaders\new</Filter>
    </FxCompile>
    <FxCompile Include="deferred_geometry_skinned_vs.hlsl">
      <Filter>Shaders\new</Filter>
    </FxCompile>
    <FxCompile Include="deferred_geometry_vs.hlsl">
      <Filter>Shaders\new</Filter>
    </FxCompile>
    <FxCompile Include="deferred_lighting_ambient_ps.hlsl">
      <Filter>Shaders\new</Filter>
    </FxCompile>
    <FxCompile Include="deferred_lighting_pointlight_ps.hlsl">
      <Filter>Shaders\new</Filter>
    </FxCompile>
    <FxCompile Include="deferred_lighting_spotlight_ps.hlsl">
      <Filter>Shaders\new</Filter>
    </FxCompile>
    <FxCompile Include="deferred_lighting_vs.hlsl">
      <Filter>Shaders\new</Filter>
    </FxCompile>
    <FxCompile Include="shadow_vs.hlsl">
      <Filter>Shaders\new</Filter>
    </FxCompile>
    <FxCompile Include="shadow_skinned_vs.hlsl">
      <Filter>Shaders\new</Filter>
    </FxCompile>
    <FxCompile Include="post_process_tone_mapping_ps.hlsl">
      <Filter>Shaders\new</Filter>
    </FxCompile>
    <FxCompile Include="volumetric_fog_scatter_cs.hlsl">
      <Filter>Shaders\new</Filter>
    </FxCompile>
    <FxCompile Include="volumetric_fog_apply_ps.hlsl">
      <Filter>Shaders\new</Filter>
    </FxCompile>
    <FxCompile Include="volumetric_fog_inject_lights_cs.hlsl">
      <Filter>Shaders\new</Filter>
    </FxCompile>
    <FxCompile Include="post_process_blur_ps.hlsl">
      <Filter>Shaders\new</Filter>
    </FxCompile>
    <FxCompile Include="post_process_extract_bright_ps.hlsl">
      <Filter>Shaders\new</Filter>
    </FxCompile>
    <FxCompile Include="deferred_transparent_ps.hlsl">
      <Filter>Shaders\new</Filter>
    </FxCompile>
    <FxCompile Include="font_ps.hlsl">
      <Filter>Shaders\new</Filter>
    </FxCompile>
    <FxCompile Include="font_vs.hlsl">
      <Filter>Shaders\new</Filter>
    </FxCompile>
    <FxCompile Include="volumetric_fog_filtering_cs.hlsl">
      <Filter>Shaders\new</Filter>
    </FxCompile>
    <FxCompile Include="skybox_vs.hlsl">
      <Filter>Shaders\new</Filter>
    </FxCompile>
    <FxCompile Include="skybox_ps.hlsl">
      <Filter>Shaders\new</Filter>
    </FxCompile>
    <FxCompile Include="overlay_vs.hlsl">
      <Filter>Shaders\new</Filter>
    </FxCompile>
    <FxCompile Include="overlay_ps.hlsl">
      <Filter>Shaders\new</Filter>
    </FxCompile>
    <FxCompile Include="post_process_fxaa_ps.hlsl">
      <Filter>Shaders\new</Filter>
    </FxCompile>
    <FxCompile Include="deferred_geometry_instanced_vs.hlsl">
      <Filter>Shaders\new</Filter>
    </FxCompile>
    <FxCompile Include="shadow_instanced_vs.hlsl">
      <Filter>Shaders\new</Filter>
    </FxCompile>
  </ItemGroup>
  <ItemGroup>
    <None Include="packages.config" />
    <None Include="PBR.hlsli">
      <Filter>Shaders\new</Filter>
    </None>
  </ItemGroup>
</Project>